{
    "_readme": [
        "This file locks the dependencies of your project to a known state",
        "Read more about it at https://getcomposer.org/doc/01-basic-usage.md#composer-lock-the-lock-file",
        "This file is @generated automatically"
    ],
    "hash": "9ea275ad0d68cea4f90b0c4e21e5507f",
    "content-hash": "7755833ecb316db14489155c91025d12",
    "packages": [
        {
            "name": "swiftmailer/swiftmailer",
            "version": "v5.4.3",
            "source": {
                "type": "git",
                "url": "https://github.com/swiftmailer/swiftmailer.git",
                "reference": "4cc92842069c2bbc1f28daaaf1d2576ec4dfe153"
            },
            "dist": {
                "type": "zip",
                "url": "https://api.github.com/repos/swiftmailer/swiftmailer/zipball/4cc92842069c2bbc1f28daaaf1d2576ec4dfe153",
                "reference": "4cc92842069c2bbc1f28daaaf1d2576ec4dfe153",
                "shasum": ""
            },
            "require": {
                "php": ">=5.3.3"
            },
            "require-dev": {
                "mockery/mockery": "~0.9.1"
            },
            "type": "library",
            "extra": {
                "branch-alias": {
                    "dev-master": "5.4-dev"
                }
            },
            "autoload": {
                "files": [
                    "lib/swift_required.php"
                ]
            },
            "notification-url": "https://packagist.org/downloads/",
            "license": [
                "MIT"
            ],
            "authors": [
                {
                    "name": "Chris Corbyn"
                },
                {
                    "name": "Fabien Potencier",
                    "email": "fabien@symfony.com"
                }
            ],
            "description": "Swiftmailer, free feature-rich PHP mailer",
            "homepage": "http://swiftmailer.org",
            "keywords": [
                "email",
                "mail",
                "mailer"
            ],
            "time": "2016-07-08 11:51:25"
        }
    ],
    "packages-dev": [
        {
            "name": "raveren/kint",
            "version": "1.0.10",
            "source": {
                "type": "git",
                "url": "https://github.com/raveren/kint.git",
                "reference": "c8423b9928bd35bf6ad14c688ab9c6d17d97d0eb"
            },
            "dist": {
                "type": "zip",
                "url": "https://api.github.com/repos/raveren/kint/zipball/c8423b9928bd35bf6ad14c688ab9c6d17d97d0eb",
                "reference": "c8423b9928bd35bf6ad14c688ab9c6d17d97d0eb",
                "shasum": ""
            },
            "require": {
                "php": ">=5.1.0"
            },
            "type": "library",
            "extra": {
                "branch-alias": {
                    "dev-master": "1.0.x-dev"
                }
            },
            "autoload": {
                "files": [
                    "Kint.class.php"
                ]
            },
            "notification-url": "https://packagist.org/downloads/",
            "license": [
                "MIT"
            ],
            "authors": [
                {
                    "name": "Rokas Šleinius",
                    "homepage": "https://github.com/raveren"
                },
                {
                    "name": "Contributors",
                    "homepage": "https://github.com/raveren/kint/contributors"
                }
            ],
            "description": "Kint - debugging helper for PHP developers",
            "homepage": "https://github.com/raveren/kint",
            "keywords": [
                "debug",
                "kint",
                "php"
            ],
            "time": "2015-09-16 14:09:00"
        }
    ],
    "aliases": [],
    "minimum-stability": "stable",
    "stability-flags": [],
    "prefer-stable": false,
    "prefer-lowest": false,
    "platform": {
        "php": ">=5.4.0"
    },
    "platform-dev": []
}
